{
  "nodes": {
    "grimblast": {
      "inputs": {
        "nixpkgs": [
          "nixpkgs"
        ]
      },
      "locked": {
        "lastModified": 1686236640,
        "narHash": "sha256-HUqtNdiwMbNvgSWFYAy/b8vcnZbqoHGzZj5D7NrzjxA=",
        "owner": "hyprwm",
        "repo": "contrib",
        "rev": "eece565c149e13cedf02d07d248f1697db5be400",
        "type": "github"
      },
      "original": {
        "owner": "hyprwm",
        "repo": "contrib",
        "type": "github"
      }
    },
    "hyprpicker": {
      "inputs": {
        "nixpkgs": [
          "nixpkgs"
        ]
      },
      "locked": {
        "lastModified": 1685380198,
        "narHash": "sha256-k+rG5AZjz47Q6bpVcTK7r4s7Avg3O+1iw+skK+cn0rk=",
        "owner": "hyprwm",
        "repo": "hyprpicker",
        "rev": "deaca6a4d8e307d90b1f5b1033a8ea6c83b9b260",
        "type": "github"
      },
      "original": {
        "owner": "hyprwm",
        "repo": "hyprpicker",
        "type": "github"
      }
    },
    "nixpkgs": {
      "locked": {
        "lastModified": 1686226982,
        "narHash": "sha256-nLuiPoeiVfqqzeq9rmXxpybh77VS37dsY/k8N2LoxVg=",
        "owner": "NixOS",
        "repo": "nixpkgs",
        "rev": "a64b73e07d4aa65cfcbda29ecf78eaf9e72e44bd",
        "type": "github"
      },
      "original": {
        "owner": "NixOS",
        "ref": "nixos-unstable",
        "repo": "nixpkgs",
        "type": "github"
      }
    },
    "root": {
      "inputs": {
        "grimblast": "grimblast",
        "hyprpicker": "hyprpicker",
        "nixpkgs": "nixpkgs"
      }
    }
  },
  "root": "root",
  "version": 7
}
